
Microsoft Visual Studio Solution File, Format Version 12.00
# Visual Studio Version 17
VisualStudioVersion = 17.1.31911.260
MinimumVisualStudioVersion = 10.0.40219.1
Project("{FAE04EC0-301F-11D3-BF4B-00C04F79EFBC}") = "dcinside-collector", "dcinside-collector.csproj", "{80704139-11BE-4A93-ABFE-19EB500E39D6}"
EndProject
Project("{54435603-DBB4-11D2-8724-00A0C9A8B90C}") = "Setup", "..\Setup\Setup.vdproj", "{A80AE0E8-36A0-4BA0-8488-5275CBC1B16A}"
EndProject
Global
	GlobalSection(SolutionConfigurationPlatforms) = preSolution
		Debug|Any CPU = Debug|Any CPU
		Release|Any CPU = Release|Any CPU
	EndGlobalSection
	GlobalSection(ProjectConfigurationPlatforms) = postSolution
		{80704139-11BE-4A93-ABFE-19EB500E39D6}.Debug|Any CPU.ActiveCfg = Debug|Any CPU
		{80704139-11BE-4A93-ABFE-19EB500E39D6}.Debug|Any CPU.Build.0 = Debug|Any CPU
		{80704139-11BE-4A93-ABFE-19EB500E39D6}.Release|Any CPU.ActiveCfg = Release|Any CPU
		{80704139-11BE-4A93-ABFE-19EB500E39D6}.Release|Any CPU.Build.0 = Release|Any CPU
		{A80AE0E8-36A0-4BA0-8488-5275CBC1B16A}.Debug|Any CPU.ActiveCfg = Debug
		{A80AE0E8-36A0-4BA0-8488-5275CBC1B16A}.Release|Any CPU.ActiveCfg = Release
	EndGlobalSection
	GlobalSection(SolutionProperties) = preSolution
		HideSolutionNode = FALSE
	EndGlobalSection
	GlobalSection(ExtensibilityGlobals) = postSolution
		SolutionGuid = {55C6CCB9-9DEB-4CAD-822E-32C612BFCA34}
	EndGlobalSection
EndGlobal
